{"version":4,"terraform_version":"1.8.4","serial":9,"lineage":"358a67b6-7b18-5579-9961-37a3f06a2c42","outputs":{},"resources":[{"mode":"managed","type":"azurerm_linux_virtual_machine","name":"res-1","provider":"provider[\"registry.terraform.io/hashicorp/azurerm\"]","instances":[{"schema_version":0,"attributes":{"additional_capabilities":[],"admin_password":null,"admin_ssh_key":[{"public_key":"ssh-rsa AAAAB3NzaC1yc2EAAAADAQABAAABAQCzRrmG/Z45kVIG14OBOFkGk+Qa+yCLL4IwV4ue2eiBvAf3/j9glJ+H2CSrlzUY4be/RXTvXhf+0pGTzReaUt+PyXh8w74hU1M2CbA4TIja+ngamUTtqTd12Z7e9LRScdt+UmvL0PH7kdpZHcSYcXWiupL1NTmgjJ3cVZHP2cBlSM+tqVUo7hc4FVoJliPEvOrj5MlCgcSCNhxnKSUV/Nl7OmAg/fesuNkRUdIZ7foOL1/UXqBZ9w6JGntwhV4FBKLt09HE2loY4SCihQPq45IgNkOopLcS7p2Y/KR5NCj78P13w0274ggBwEZN1wqHagiblku5GIoL91jDzLQuOarz","username":"azureuser"}],"admin_username":"azureuser","allow_extension_operations":true,"availability_set_id":"","boot_diagnostics":[],"bypass_platform_safety_checks_on_user_schedule_enabled":false,"capacity_reservation_group_id":"","computer_name":"tofu-export-test-vm","custom_data":null,"dedicated_host_group_id":"","dedicated_host_id":"","disable_password_authentication":true,"edge_zone":"","encryption_at_host_enabled":false,"eviction_policy":"","extensions_time_budget":"PT1H30M","gallery_application":[],"id":"/subscriptions/c544b780-c7ba-4416-b71b-dff05a0ef07d/resourceGroups/game-platform-test/providers/Microsoft.Compute/virtualMachines/tofu-export-test-vm","identity":[],"license_type":"","location":"westus","max_bid_price":-1,"name":"tofu-export-test-vm","network_interface_ids":["/subscriptions/c544b780-c7ba-4416-b71b-dff05a0ef07d/resourceGroups/game-platform-test/providers/Microsoft.Network/networkInterfaces/tofu-export-test-vmVMNic"],"os_disk":[{"caching":"ReadWrite","diff_disk_settings":[],"disk_encryption_set_id":"","disk_size_gb":30,"name":"tofu-export-test-vm_OsDisk_1_a8f3efffc53243ba97921a103f230f15","secure_vm_disk_encryption_set_id":"","security_encryption_type":"","storage_account_type":"Premium_LRS","write_accelerator_enabled":false}],"patch_assessment_mode":"ImageDefault","patch_mode":"ImageDefault","plan":[],"platform_fault_domain":-1,"priority":"Regular","private_ip_address":"10.0.0.4","private_ip_addresses":["10.0.0.4"],"provision_vm_agent":true,"proximity_placement_group_id":"","public_ip_address":"13.91.80.170","public_ip_addresses":["13.91.80.170"],"reboot_setting":"","resource_group_name":"game-platform-test","secret":[],"secure_boot_enabled":true,"size":"Standard_B1s","source_image_id":"","source_image_reference":[{"offer":"debian-11","publisher":"Debian","sku":"11-backports-gen2","version":"latest"}],"tags":{},"termination_notification":[],"timeouts":null,"user_data":"","virtual_machine_id":"1791051a-43c1-4b6c-a1bf-22bcced5a08a","virtual_machine_scale_set_id":"","vtpm_enabled":true,"zone":""},"sensitive_attributes":[[{"type":"get_attr","value":"custom_data"}],[{"type":"get_attr","value":"admin_password"}]],"private":"eyJlMmJmYjczMC1lY2FhLTExZTYtOGY4OC0zNDM2M2JjN2M0YzAiOnsiY3JlYXRlIjoyNzAwMDAwMDAwMDAwLCJkZWxldGUiOjI3MDAwMDAwMDAwMDAsInJlYWQiOjMwMDAwMDAwMDAwMCwidXBkYXRlIjoyNzAwMDAwMDAwMDAwfSwic2NoZW1hX3ZlcnNpb24iOiIwIn0="}]},{"mode":"managed","type":"azurerm_network_interface","name":"res-2","provider":"provider[\"registry.terraform.io/hashicorp/azurerm\"]","instances":[{"schema_version":0,"attributes":{"applied_dns_servers":[],"auxiliary_mode":"","auxiliary_sku":"","dns_servers":[],"edge_zone":"","enable_accelerated_networking":false,"enable_ip_forwarding":false,"id":"/subscriptions/c544b780-c7ba-4416-b71b-dff05a0ef07d/resourceGroups/game-platform-test/providers/Microsoft.Network/networkInterfaces/tofu-export-test-vmVMNic","internal_dns_name_label":"","internal_domain_name_suffix":"iadeg52afs4ubhpgjswkbzwkeb.dx.internal.cloudapp.net","ip_configuration":[{"gateway_load_balancer_frontend_ip_configuration_id":"","name":"ipconfigtofu-export-test-vm","primary":true,"private_ip_address":"10.0.0.4","private_ip_address_allocation":"Dynamic","private_ip_address_version":"IPv4","public_ip_address_id":"/subscriptions/c544b780-c7ba-4416-b71b-dff05a0ef07d/resourceGroups/game-platform-test/providers/Microsoft.Network/publicIPAddresses/tofu-export-test-vmPublicIP","subnet_id":"/subscriptions/c544b780-c7ba-4416-b71b-dff05a0ef07d/resourceGroups/game-platform-test/providers/Microsoft.Network/virtualNetworks/tofu-export-test-vmVNET/subnets/tofu-export-test-vmSubnet"}],"location":"westus","mac_address":"00-0D-3A-5C-CE-CB","name":"tofu-export-test-vmVMNic","private_ip_address":"10.0.0.4","private_ip_addresses":["10.0.0.4"],"resource_group_name":"game-platform-test","tags":{},"timeouts":null,"virtual_machine_id":"/subscriptions/c544b780-c7ba-4416-b71b-dff05a0ef07d/resourceGroups/game-platform-test/providers/Microsoft.Compute/virtualMachines/tofu-export-test-vm"},"sensitive_attributes":[],"private":"eyJlMmJmYjczMC1lY2FhLTExZTYtOGY4OC0zNDM2M2JjN2M0YzAiOnsiY3JlYXRlIjoxODAwMDAwMDAwMDAwLCJkZWxldGUiOjE4MDAwMDAwMDAwMDAsInJlYWQiOjMwMDAwMDAwMDAwMCwidXBkYXRlIjoxODAwMDAwMDAwMDAwfSwic2NoZW1hX3ZlcnNpb24iOiIwIn0="}]},{"mode":"managed","type":"azurerm_network_interface_security_group_association","name":"res-3","provider":"provider[\"registry.terraform.io/hashicorp/azurerm\"]","instances":[{"schema_version":0,"attributes":{"id":"/subscriptions/c544b780-c7ba-4416-b71b-dff05a0ef07d/resourceGroups/game-platform-test/providers/Microsoft.Network/networkInterfaces/tofu-export-test-vmVMNic|/subscriptions/c544b780-c7ba-4416-b71b-dff05a0ef07d/resourceGroups/game-platform-test/providers/Microsoft.Network/networkSecurityGroups/tofu-export-test-vmNSG","network_interface_id":"/subscriptions/c544b780-c7ba-4416-b71b-dff05a0ef07d/resourceGroups/game-platform-test/providers/Microsoft.Network/networkInterfaces/tofu-export-test-vmVMNic","network_security_group_id":"/subscriptions/c544b780-c7ba-4416-b71b-dff05a0ef07d/resourceGroups/game-platform-test/providers/Microsoft.Network/networkSecurityGroups/tofu-export-test-vmNSG","timeouts":null},"sensitive_attributes":[],"private":"eyJlMmJmYjczMC1lY2FhLTExZTYtOGY4OC0zNDM2M2JjN2M0YzAiOnsiY3JlYXRlIjoxODAwMDAwMDAwMDAwLCJkZWxldGUiOjE4MDAwMDAwMDAwMDAsInJlYWQiOjMwMDAwMDAwMDAwMCwidXBkYXRlIjoxODAwMDAwMDAwMDAwfSwic2NoZW1hX3ZlcnNpb24iOiIwIn0="}]},{"mode":"managed","type":"azurerm_network_security_group","name":"res-4","provider":"provider[\"registry.terraform.io/hashicorp/azurerm\"]","instances":[{"schema_version":0,"attributes":{"id":"/subscriptions/c544b780-c7ba-4416-b71b-dff05a0ef07d/resourceGroups/game-platform-test/providers/Microsoft.Network/networkSecurityGroups/tofu-export-test-vmNSG","location":"westus","name":"tofu-export-test-vmNSG","resource_group_name":"game-platform-test","security_rule":[{"access":"Allow","description":"","destination_address_prefix":"*","destination_address_prefixes":[],"destination_application_security_group_ids":[],"destination_port_range":"22","destination_port_ranges":[],"direction":"Inbound","name":"default-allow-ssh","priority":1000,"protocol":"Tcp","source_address_prefix":"*","source_address_prefixes":[],"source_application_security_group_ids":[],"source_port_range":"*","source_port_ranges":[]}],"tags":{},"timeouts":null},"sensitive_attributes":[],"private":"eyJlMmJmYjczMC1lY2FhLTExZTYtOGY4OC0zNDM2M2JjN2M0YzAiOnsiY3JlYXRlIjoxODAwMDAwMDAwMDAwLCJkZWxldGUiOjE4MDAwMDAwMDAwMDAsInJlYWQiOjMwMDAwMDAwMDAwMCwidXBkYXRlIjoxODAwMDAwMDAwMDAwfSwic2NoZW1hX3ZlcnNpb24iOiIwIn0="}]},{"mode":"managed","type":"azurerm_network_security_rule","name":"res-5","provider":"provider[\"registry.terraform.io/hashicorp/azurerm\"]","instances":[{"schema_version":0,"attributes":{"access":"Allow","description":"","destination_address_prefix":"*","destination_address_prefixes":[],"destination_application_security_group_ids":[],"destination_port_range":"22","destination_port_ranges":[],"direction":"Inbound","id":"/subscriptions/c544b780-c7ba-4416-b71b-dff05a0ef07d/resourceGroups/game-platform-test/providers/Microsoft.Network/networkSecurityGroups/tofu-export-test-vmNSG/securityRules/default-allow-ssh","name":"default-allow-ssh","network_security_group_name":"tofu-export-test-vmNSG","priority":1000,"protocol":"Tcp","resource_group_name":"game-platform-test","source_address_prefix":"*","source_address_prefixes":[],"source_application_security_group_ids":[],"source_port_range":"*","source_port_ranges":[],"timeouts":null},"sensitive_attributes":[],"private":"eyJlMmJmYjczMC1lY2FhLTExZTYtOGY4OC0zNDM2M2JjN2M0YzAiOnsiY3JlYXRlIjoxODAwMDAwMDAwMDAwLCJkZWxldGUiOjE4MDAwMDAwMDAwMDAsInJlYWQiOjMwMDAwMDAwMDAwMCwidXBkYXRlIjoxODAwMDAwMDAwMDAwfSwic2NoZW1hX3ZlcnNpb24iOiIwIn0="}]},{"mode":"managed","type":"azurerm_public_ip","name":"res-6","provider":"provider[\"registry.terraform.io/hashicorp/azurerm\"]","instances":[{"schema_version":0,"attributes":{"allocation_method":"Static","ddos_protection_mode":"VirtualNetworkInherited","ddos_protection_plan_id":null,"domain_name_label":null,"edge_zone":"","fqdn":null,"id":"/subscriptions/c544b780-c7ba-4416-b71b-dff05a0ef07d/resourceGroups/game-platform-test/providers/Microsoft.Network/publicIPAddresses/tofu-export-test-vmPublicIP","idle_timeout_in_minutes":4,"ip_address":"13.91.80.170","ip_tags":{},"ip_version":"IPv4","location":"westus","name":"tofu-export-test-vmPublicIP","public_ip_prefix_id":null,"resource_group_name":"game-platform-test","reverse_fqdn":null,"sku":"Standard","sku_tier":"Regional","tags":{},"timeouts":null,"zones":[]},"sensitive_attributes":[],"private":"eyJlMmJmYjczMC1lY2FhLTExZTYtOGY4OC0zNDM2M2JjN2M0YzAiOnsiY3JlYXRlIjoxODAwMDAwMDAwMDAwLCJkZWxldGUiOjE4MDAwMDAwMDAwMDAsInJlYWQiOjMwMDAwMDAwMDAwMCwidXBkYXRlIjoxODAwMDAwMDAwMDAwfSwic2NoZW1hX3ZlcnNpb24iOiIwIn0="}]},{"mode":"managed","type":"azurerm_resource_group","name":"res-0","provider":"provider[\"registry.terraform.io/hashicorp/azurerm\"]","instances":[{"schema_version":0,"attributes":{"id":"/subscriptions/c544b780-c7ba-4416-b71b-dff05a0ef07d/resourceGroups/game-platform-test","location":"westus","managed_by":"","name":"game-platform-test","tags":{},"timeouts":null},"sensitive_attributes":[],"private":"eyJlMmJmYjczMC1lY2FhLTExZTYtOGY4OC0zNDM2M2JjN2M0YzAiOnsiY3JlYXRlIjo1NDAwMDAwMDAwMDAwLCJkZWxldGUiOjU0MDAwMDAwMDAwMDAsInJlYWQiOjMwMDAwMDAwMDAwMCwidXBkYXRlIjo1NDAwMDAwMDAwMDAwfSwic2NoZW1hX3ZlcnNpb24iOiIwIn0="}]},{"mode":"managed","type":"azurerm_subnet","name":"res-8","provider":"provider[\"registry.terraform.io/hashicorp/azurerm\"]","instances":[{"schema_version":0,"attributes":{"address_prefixes":["10.0.0.0/24"],"delegation":[],"enforce_private_link_endpoint_network_policies":true,"enforce_private_link_service_network_policies":false,"id":"/subscriptions/c544b780-c7ba-4416-b71b-dff05a0ef07d/resourceGroups/game-platform-test/providers/Microsoft.Network/virtualNetworks/tofu-export-test-vmVNET/subnets/tofu-export-test-vmSubnet","name":"tofu-export-test-vmSubnet","private_endpoint_network_policies_enabled":false,"private_link_service_network_policies_enabled":true,"resource_group_name":"game-platform-test","service_endpoint_policy_ids":[],"service_endpoints":[],"timeouts":null,"virtual_network_name":"tofu-export-test-vmVNET"},"sensitive_attributes":[],"private":"eyJlMmJmYjczMC1lY2FhLTExZTYtOGY4OC0zNDM2M2JjN2M0YzAiOnsiY3JlYXRlIjoxODAwMDAwMDAwMDAwLCJkZWxldGUiOjE4MDAwMDAwMDAwMDAsInJlYWQiOjMwMDAwMDAwMDAwMCwidXBkYXRlIjoxODAwMDAwMDAwMDAwfSwic2NoZW1hX3ZlcnNpb24iOiIwIn0="}]},{"mode":"managed","type":"azurerm_virtual_network","name":"res-7","provider":"provider[\"registry.terraform.io/hashicorp/azurerm\"]","instances":[{"schema_version":0,"attributes":{"address_space":["10.0.0.0/16"],"bgp_community":"","ddos_protection_plan":[],"dns_servers":[],"edge_zone":"","encryption":[],"flow_timeout_in_minutes":0,"guid":"7f430640-2c80-40bd-9de6-4caca0e6ca21","id":"/subscriptions/c544b780-c7ba-4416-b71b-dff05a0ef07d/resourceGroups/game-platform-test/providers/Microsoft.Network/virtualNetworks/tofu-export-test-vmVNET","location":"westus","name":"tofu-export-test-vmVNET","resource_group_name":"game-platform-test","subnet":[{"address_prefix":"10.0.0.0/24","id":"/subscriptions/c544b780-c7ba-4416-b71b-dff05a0ef07d/resourceGroups/game-platform-test/providers/Microsoft.Network/virtualNetworks/tofu-export-test-vmVNET/subnets/tofu-export-test-vmSubnet","name":"tofu-export-test-vmSubnet","security_group":""}],"tags":{},"timeouts":null},"sensitive_attributes":[],"private":"eyJlMmJmYjczMC1lY2FhLTExZTYtOGY4OC0zNDM2M2JjN2M0YzAiOnsiY3JlYXRlIjoxODAwMDAwMDAwMDAwLCJkZWxldGUiOjE4MDAwMDAwMDAwMDAsInJlYWQiOjMwMDAwMDAwMDAwMCwidXBkYXRlIjoxODAwMDAwMDAwMDAwfSwic2NoZW1hX3ZlcnNpb24iOiIwIn0="}]}],"check_results":null}
